
Microsoft Visual Studio Solution File, Format Version 12.00
# Visual Studio Version 17
VisualStudioVersion = 17.0.31912.275
MinimumVisualStudioVersion = 10.0.40219.1
Project("{FAE04EC0-301F-11D3-BF4B-00C04F79EFBC}") = "Lab4", "Lab4.csproj", "{6B81FAE1-C704-4300-8206-6D0E145D8000}"
EndProject
Global
	GlobalSection(SolutionConfigurationPlatforms) = preSolution
		Debug|Any CPU = Debug|Any CPU
		Release|Any CPU = Release|Any CPU
	EndGlobalSection
	GlobalSection(ProjectConfigurationPlatforms) = postSolution
		{6B81FAE1-C704-4300-8206-6D0E145D8000}.Debug|Any CPU.ActiveCfg = Debug|Any CPU
		{6B81FAE1-C704-4300-8206-6D0E145D8000}.Debug|Any CPU.Build.0 = Debug|Any CPU
		{6B81FAE1-C704-4300-8206-6D0E145D8000}.Release|Any CPU.ActiveCfg = Release|Any CPU
		{6B81FAE1-C704-4300-8206-6D0E145D8000}.Release|Any CPU.Build.0 = Release|Any CPU
	EndGlobalSection
	GlobalSection(SolutionProperties) = preSolution
		HideSolutionNode = FALSE
	EndGlobalSection
	GlobalSection(ExtensibilityGlobals) = postSolution
		SolutionGuid = {7DBFCCF7-3DDA-4F70-99F6-8085267D1A9D}
	EndGlobalSection
EndGlobal
